
Microsoft Visual Studio Solution File, Format Version 12.00
# Visual Studio Version 17
VisualStudioVersion = 17.3.32922.545
MinimumVisualStudioVersion = 10.0.40219.1
Project("{FAE04EC0-301F-11D3-BF4B-00C04F79EFBC}") = "RacersGroup", "RacersGroup\RacersGroup.csproj", "{B9A19872-2848-4DA8-A28E-29E4266CC96E}"
EndProject
Global
	GlobalSection(SolutionConfigurationPlatforms) = preSolution
		Debug|Any CPU = Debug|Any CPU
		Release|Any CPU = Release|Any CPU
	EndGlobalSection
	GlobalSection(ProjectConfigurationPlatforms) = postSolution
		{B9A19872-2848-4DA8-A28E-29E4266CC96E}.Debug|Any CPU.ActiveCfg = Debug|Any CPU
		{B9A19872-2848-4DA8-A28E-29E4266CC96E}.Debug|Any CPU.Build.0 = Debug|Any CPU
		{B9A19872-2848-4DA8-A28E-29E4266CC96E}.Release|Any CPU.ActiveCfg = Release|Any CPU
		{B9A19872-2848-4DA8-A28E-29E4266CC96E}.Release|Any CPU.Build.0 = Release|Any CPU
	EndGlobalSection
	GlobalSection(SolutionProperties) = preSolution
		HideSolutionNode = FALSE
	EndGlobalSection
	GlobalSection(ExtensibilityGlobals) = postSolution
		SolutionGuid = {4A322170-CBF8-43BD-BA6D-9402F111E646}
	EndGlobalSection
EndGlobal
